
Microsoft Visual Studio Solution File, Format Version 12.00
# Visual Studio Version 17
VisualStudioVersion = 17.3.32929.385
MinimumVisualStudioVersion = 10.0.40219.1
Project("{FAE04EC0-301F-11D3-BF4B-00C04F79EFBC}") = "CCRT_itemTags", "CCRT_itemTags.csproj", "{C91DBBE3-AF54-4161-83D2-59C5BA8799BB}"
EndProject
Global
	GlobalSection(SolutionConfigurationPlatforms) = preSolution
		Debug|Any CPU = Debug|Any CPU
		Release|Any CPU = Release|Any CPU
	EndGlobalSection
	GlobalSection(ProjectConfigurationPlatforms) = postSolution
		{C91DBBE3-AF54-4161-83D2-59C5BA8799BB}.Debug|Any CPU.ActiveCfg = Debug|Any CPU
		{C91DBBE3-AF54-4161-83D2-59C5BA8799BB}.Debug|Any CPU.Build.0 = Debug|Any CPU
		{C91DBBE3-AF54-4161-83D2-59C5BA8799BB}.Release|Any CPU.ActiveCfg = Release|Any CPU
		{C91DBBE3-AF54-4161-83D2-59C5BA8799BB}.Release|Any CPU.Build.0 = Release|Any CPU
	EndGlobalSection
	GlobalSection(SolutionProperties) = preSolution
		HideSolutionNode = FALSE
	EndGlobalSection
	GlobalSection(ExtensibilityGlobals) = postSolution
		SolutionGuid = {961AA5DC-D96F-4E46-A176-EC348D8AAE80}
	EndGlobalSection
EndGlobal
